// !$*UTF8*$!
{
	archiveVersion = 1;
	classes = {
	};
	objectVersion = 46;
	objects = {

/* Begin PBXBuildFile section */
		F1766EC91C3D9A4D00D0A958 /* AppDelegate.swift in Sources */ = {isa = PBXBuildFile; fileRef = F1766EC81C3D9A4D00D0A958 /* AppDelegate.swift */; };
		F1766ECB1C3D9A4D00D0A958 /* ViewController.swift in Sources */ = {isa = PBXBuildFile; fileRef = F1766ECA1C3D9A4D00D0A958 /* ViewController.swift */; };
		F1766ECE1C3D9A4D00D0A958 /* Main.storyboard in Resources */ = {isa = PBXBuildFile; fileRef = F1766ECC1C3D9A4D00D0A958 /* Main.storyboard */; };
		F1766ED01C3D9A4D00D0A958 /* Assets.xcassets in Resources */ = {isa = PBXBuildFile; fileRef = F1766ECF1C3D9A4D00D0A958 /* Assets.xcassets */; };
		F1766ED31C3D9A4D00D0A958 /* LaunchScreen.storyboard in Resources */ = {isa = PBXBuildFile; fileRef = F1766ED11C3D9A4D00D0A958 /* LaunchScreen.storyboard */; };
		F1766EDE1C3D9A4D00D0A958 /* AboutMeTests.swift in Sources */ = {isa = PBXBuildFile; fileRef = F1766EDD1C3D9A4D00D0A958 /* AboutMeTests.swift */; };
/* End PBXBuildFile section */

/* Begin PBXContainerItemProxy section */
		F1766EDA1C3D9A4D00D0A958 /* PBXContainerItemProxy */ = {
			isa = PBXContainerItemProxy;
			containerPortal = F1766EBD1C3D9A4D00D0A958 /* Project object */;
			proxyType = 1;
			remoteGlobalIDString = F1766EC41C3D9A4D00D0A958;
			remoteInfo = AboutMe;
		};
/* End PBXContainerItemProxy section */

/* Begin PBXFileReference section */
		F1766EC51C3D9A4D00D0A958 /* AboutMe.app */ = {isa = PBXFileReference; explicitFileType = wrapper.application; includeInIndex = 0; path = AboutMe.app; sourceTree = BUILT_PRODUCTS_DIR; };
		F1766EC81C3D9A4D00D0A958 /* AppDelegate.swift */ = {isa = PBXFileReference; lastKnownFileType = sourcecode.swift; path = AppDelegate.swift; sourceTree = "<group>"; };
		F1766ECA1C3D9A4D00D0A958 /* ViewController.swift */ = {isa = PBXFileReference; lastKnownFileType = sourcecode.swift; path = ViewController.swift; sourceTree = "<group>"; };
		F1766ECD1C3D9A4D00D0A958 /* Base */ = {isa = PBXFileReference; lastKnownFileType = file.storyboard; name = Base; path = Base.lproj/Main.storyboard; sourceTree = "<group>"; };
		F1766ECF1C3D9A4D00D0A958 /* Assets.xcassets */ = {isa = PBXFileReference; lastKnownFileType = folder.assetcatalog; path = Assets.xcassets; sourceTree = "<group>"; };
		F1766ED21C3D9A4D00D0A958 /* Base */ = {isa = PBXFileReference; lastKnownFileType = file.storyboard; name = Base; path = Base.lproj/LaunchScreen.storyboard; sourceTree = "<group>"; };
		F1766ED41C3D9A4D00D0A958 /* Info.plist */ = {isa = PBXFileReference; lastKnownFileType = text.plist.xml; path = Info.plist; sourceTree = "<group>"; };
		F1766ED91C3D9A4D00D0A958 /* AboutMeTests.xctest */ = {isa = PBXFileReference; explicitFileType = wrapper.cfbundle; includeInIndex = 0; path = AboutMeTests.xctest; sourceTree = BUILT_PRODUCTS_DIR; };
		F1766EDD1C3D9A4D00D0A958 /* AboutMeTests.swift */ = {isa = PBXFileReference; lastKnownFileType = sourcecode.swift; path = AboutMeTests.swift; sourceTree = "<group>"; };
		F1766EDF1C3D9A4D00D0A958 /* Info.plist */ = {isa = PBXFileReference; lastKnownFileType = text.plist.xml; path = Info.plist; sourceTree = "<group>"; };
/* End PBXFileReference section */

/* Begin PBXFrameworksBuildPhase section */
		F1766EC21C3D9A4D00D0A958 /* Frameworks */ = {
			isa = PBXFrameworksBuildPhase;
			buildActionMask = 2147483647;
			files = (
			);
			runOnlyForDeploymentPostprocessing = 0;
		};
		F1766ED61C3D9A4D00D0A958 /* Frameworks */ = {
			isa = PBXFrameworksBuildPhase;
			buildActionMask = 2147483647;
			files = (
			);
			runOnlyForDeploymentPostprocessing = 0;
		};
/* End PBXFrameworksBuildPhase section */

/* Begin PBXGroup section */
		F1766EBC1C3D9A4D00D0A958 = {
			isa = PBXGroup;
			children = (
				F1766EC71C3D9A4D00D0A958 /* AboutMe */,
				F1766EDC1C3D9A4D00D0A958 /* AboutMeTests */,
				F1766EC61C3D9A4D00D0A958 /* Products */,
			);
			sourceTree = "<group>";
		};
		F1766EC61C3D9A4D00D0A958 /* Products */ = {
			isa = PBXGroup;
			children = (
				F1766EC51C3D9A4D00D0A958 /* AboutMe.app */,
				F1766ED91C3D9A4D00D0A958 /* AboutMeTests.xctest */,
			);
			name = Products;
			sourceTree = "<group>";
		};
		F1766EC71C3D9A4D00D0A958 /* AboutMe */ = {
			isa = PBXGroup;
			children = (
				F1766EC81C3D9A4D00D0A958 /* AppDelegate.swift */,
				F1766ECA1C3D9A4D00D0A958 /* ViewController.swift */,
				F1766ECC1C3D9A4D00D0A958 /* Main.storyboard */,
				F1766ECF1C3D9A4D00D0A958 /* Assets.xcassets */,
				F1766ED11C3D9A4D00D0A958 /* LaunchScreen.storyboard */,
				F1766ED41C3D9A4D00D0A958 /* Info.plist */,
			);
			path = AboutMe;
			sourceTree = "<group>";
		};
		F1766EDC1C3D9A4D00D0A958 /* AboutMeTests */ = {
			isa = PBXGroup;
			children = (
				F1766EDD1C3D9A4D00D0A958 /* AboutMeTests.swift */,
				F1766EDF1C3D9A4D00D0A958 /* Info.plist */,
			);
			path = AboutMeTests;
			sourceTree = "<group>";
		};
/* End PBXGroup section */

/* Begin PBXNativeTarget section */
		F1766EC41C3D9A4D00D0A958 /* AboutMe */ = {
			isa = PBXNativeTarget;
			buildConfigurationList = F1766EE21C3D9A4D00D0A958 /* Build configuration list for PBXNativeTarget "AboutMe" */;
			buildPhases = (
				F1766EC11C3D9A4D00D0A958 /* Sources */,
				F1766EC21C3D9A4D00D0A958 /* Frameworks */,
				F1766EC31C3D9A4D00D0A958 /* Resources */,
			);
			buildRules = (
			);
			dependencies = (
			);
			name = AboutMe;
			productName = AboutMe;
			productReference = F1766EC51C3D9A4D00D0A958 /* AboutMe.app */;
			productType = "com.apple.product-type.application";
		};
		F1766ED81C3D9A4D00D0A958 /* AboutMeTests */ = {
			isa = PBXNativeTarget;
			buildConfigurationList = F1766EE51C3D9A4D00D0A958 /* Build configuration list for PBXNativeTarget "AboutMeTests" */;
			buildPhases = (
				F1766ED51C3D9A4D00D0A958 /* Sources */,
				F1766ED61C3D9A4D00D0A958 /* Frameworks */,
				F1766ED71C3D9A4D00D0A958 /* Resources */,
			);
			buildRules = (
			);
			dependencies = (
				F1766EDB1C3D9A4D00D0A958 /* PBXTargetDependency */,
			);
			name = AboutMeTests;
			productName = AboutMeTests;
			productReference = F1766ED91C3D9A4D00D0A958 /* AboutMeTests.xctest */;
			productType = "com.apple.product-type.bundle.unit-test";
		};
/* End PBXNativeTarget section */

/* Begin PBXProject section */
		F1766EBD1C3D9A4D00D0A958 /* Project object */ = {
			isa = PBXProject;
			attributes = {
				LastSwiftUpdateCheck = 0720;
				LastUpgradeCheck = 0720;
				ORGANIZATIONNAME = CTEC;
				TargetAttributes = {
					F1766EC41C3D9A4D00D0A958 = {
						CreatedOnToolsVersion = 7.2;
					};
					F1766ED81C3D9A4D00D0A958 = {
						CreatedOnToolsVersion = 7.2;
						TestTargetID = F1766EC41C3D9A4D00D0A958;
					};
				};
			};
			buildConfigurationList = F1766EC01C3D9A4D00D0A958 /* Build configuration list for PBXProject "AboutMe" */;
			compatibilityVersion = "Xcode 3.2";
			developmentRegion = English;
			hasScannedForEncodings = 0;
			knownRegions = (
				en,
				Base,
			);
			mainGroup = F1766EBC1C3D9A4D00D0A958;
			productRefGroup = F1766EC61C3D9A4D00D0A958 /* Products */;
			projectDirPath = "";
			projectRoot = "";
			targets = (
				F1766EC41C3D9A4D00D0A958 /* AboutMe */,
				F1766ED81C3D9A4D00D0A958 /* AboutMeTests */,
			);
		};
/* End PBXProject section */

/* Begin PBXResourcesBuildPhase section */
		F1766EC31C3D9A4D00D0A958 /* Resources */ = {
			isa = PBXResourcesBuildPhase;
			buildActionMask = 2147483647;
			files = (
				F1766ED31C3D9A4D00D0A958 /* LaunchScreen.storyboard in Resources */,
				F1766ED01C3D9A4D00D0A958 /* Assets.xcassets in Resources */,
				F1766ECE1C3D9A4D00D0A958 /* Main.storyboard in Resources */,
			);
			runOnlyForDeploymentPostprocessing = 0;
		};
		F1766ED71C3D9A4D00D0A958 /* Resources */ = {
			isa = PBXResourcesBuildPhase;
			buildActionMask = 2147483647;
			files = (
			);
			runOnlyForDeploymentPostprocessing = 0;
		};
/* End PBXResourcesBuildPhase section */

/* Begin PBXSourcesBuildPhase section */
		F1766EC11C3D9A4D00D0A958 /* Sources */ = {
			isa = PBXSourcesBuildPhase;
			buildActionMask = 2147483647;
			files = (
				F1766ECB1C3D9A4D00D0A958 /* ViewController.swift in Sources */,
				F1766EC91C3D9A4D00D0A958 /* AppDelegate.swift in Sources */,
			);
			runOnlyForDeploymentPostprocessing = 0;
		};
		F1766ED51C3D9A4D00D0A958 /* Sources */ = {
			isa = PBXSourcesBuildPhase;
			buildActionMask = 2147483647;
			files = (
				F1766EDE1C3D9A4D00D0A958 /* AboutMeTests.swift in Sources */,
			);
			runOnlyForDeploymentPostprocessing = 0;
		};
/* End PBXSourcesBuildPhase section */

/* Begin PBXTargetDependency section */
		F1766EDB1C3D9A4D00D0A958 /* PBXTargetDependency */ = {
			isa = PBXTargetDependency;
			target = F1766EC41C3D9A4D00D0A958 /* AboutMe */;
			targetProxy = F1766EDA1C3D9A4D00D0A958 /* PBXContainerItemProxy */;
		};
/* End PBXTargetDependency section */

/* Begin PBXVariantGroup section */
		F1766ECC1C3D9A4D00D0A958 /* Main.storyboard */ = {
			isa = PBXVariantGroup;
			children = (
				F1766ECD1C3D9A4D00D0A958 /* Base */,
			);
			name = Main.storyboard;
			sourceTree = "<group>";
		};
		F1766ED11C3D9A4D00D0A958 /* LaunchScreen.storyboard */ = {
			isa = PBXVariantGroup;
			children = (
				F1766ED21C3D9A4D00D0A958 /* Base */,
			);
			name = LaunchScreen.storyboard;
			sourceTree = "<group>";
		};
/* End PBXVariantGroup section */

/* Begin XCBuildConfiguration section */
		F1766EE01C3D9A4D00D0A958 /* Debug */ = {
			isa = XCBuildConfiguration;
			buildSettings = {
				ALWAYS_SEARCH_USER_PATHS = NO;
				CLANG_CXX_LANGUAGE_STANDARD = "gnu++0x";
				CLANG_CXX_LIBRARY = "libc++";
				CLANG_ENABLE_MODULES = YES;
				CLANG_ENABLE_OBJC_ARC = YES;
				CLANG_WARN_BOOL_CONVERSION = YES;
				CLANG_WARN_CONSTANT_CONVERSION = YES;
				CLANG_WARN_DIRECT_OBJC_ISA_USAGE = YES_ERROR;
				CLANG_WARN_EMPTY_BODY = YES;
				CLANG_WARN_ENUM_CONVERSION = YES;
				CLANG_WARN_INT_CONVERSION = YES;
				CLANG_WARN_OBJC_ROOT_CLASS = YES_ERROR;
				CLANG_WARN_UNREACHABLE_CODE = YES;
				CLANG_WARN__DUPLICATE_METHOD_MATCH = YES;
				"CODE_SIGN_IDENTITY[sdk=iphoneos*]" = "iPhone Developer";
				COPY_PHASE_STRIP = NO;
				DEBUG_INFORMATION_FORMAT = dwarf;
				ENABLE_STRICT_OBJC_MSGSEND = YES;
				ENABLE_TESTABILITY = YES;
				GCC_C_LANGUAGE_STANDARD = gnu99;
				GCC_DYNAMIC_NO_PIC = NO;
				GCC_NO_COMMON_BLOCKS = YES;
				GCC_OPTIMIZATION_LEVEL = 0;
				GCC_PREPROCESSOR_DEFINITIONS = (
					"DEBUG=1",
					"$(inherited)",
				);
				GCC_WARN_64_TO_32_BIT_CONVERSION = YES;
				GCC_WARN_ABOUT_RETURN_TYPE = YES_ERROR;
				GCC_WARN_UNDECLARED_SELECTOR = YES;
				GCC_WARN_UNINITIALIZED_AUTOS = YES_AGGRESSIVE;
				GCC_WARN_UNUSED_FUNCTION = YES;
				GCC_WARN_UNUSED_VARIABLE = YES;
				IPHONEOS_DEPLOYMENT_TARGET = 9.2;
				MTL_ENABLE_DEBUG_INFO = YES;
				ONLY_ACTIVE_ARCH = YES;
				SDKROOT = iphoneos;
				SWIFT_OPTIMIZATION_LEVEL = "-Onone";
				TARGETED_DEVICE_FAMILY = "1,2";
			};
			name = Debug;
		};
		F1766EE11C3D9A4D00D0A958 /* Release */ = {
			isa = XCBuildConfiguration;
			buildSettings = {
				ALWAYS_SEARCH_USER_PATHS = NO;
				CLANG_CXX_LANGUAGE_STANDARD = "gnu++0x";
				CLANG_CXX_LIBRARY = "libc++";
				CLANG_ENABLE_MODULES = YES;
				CLANG_ENABLE_OBJC_ARC = YES;
				CLANG_WARN_BOOL_CONVERSION = YES;
				CLANG_WARN_CONSTANT_CONVERSION = YES;
				CLANG_WARN_DIRECT_OBJC_ISA_USAGE = YES_ERROR;
				CLANG_WARN_EMPTY_BODY = YES;
				CLANG_WARN_ENUM_CONVERSION = YES;
				CLANG_WARN_INT_CONVERSION = YES;
				CLANG_WARN_OBJC_ROOT_CLASS = YES_ERROR;
				CLANG_WARN_UNREACHABLE_CODE = YES;
				CLANG_WARN__DUPLICATE_METHOD_MATCH = YES;
				"CODE_SIGN_IDENTITY[sdk=iphoneos*]" = "iPhone Developer";
				COPY_PHASE_STRIP = NO;
				DEBUG_INFORMATION_FORMAT = "dwarf-with-dsym";
				ENABLE_NS_ASSERTIONS = NO;
				ENABLE_STRICT_OBJC_MSGSEND = YES;
				GCC_C_LANGUAGE_STANDARD = gnu99;
				GCC_NO_COMMON_BLOCKS = YES;
				GCC_WARN_64_TO_32_BIT_CONVERSION = YES;
				GCC_WARN_ABOUT_RETURN_TYPE = YES_ERROR;
				GCC_WARN_UNDECLARED_SELECTOR = YES;
				GCC_WARN_UNINITIALIZED_AUTOS = YES_AGGRESSIVE;
				GCC_WARN_UNUSED_FUNCTION = YES;
				GCC_WARN_UNUSED_VARIABLE = YES;
				IPHONEOS_DEPLOYMENT_TARGET = 9.2;
				MTL_ENABLE_DEBUG_INFO = NO;
				SDKROOT = iphoneos;
				TARGETED_DEVICE_FAMILY = "1,2";
				VALIDATE_PRODUCT = YES;
			};
			name = Release;
		};
		F1766EE31C3D9A4D00D0A958 /* Debug */ = {
			isa = XCBuildConfiguration;
			buildSettings = {
				ASSETCATALOG_COMPILER_APPICON_NAME = AppIcon;
				INFOPLIST_FILE = AboutMe/Info.plist;
				LD_RUNPATH_SEARCH_PATHS = "$(inherited) @executable_path/Frameworks";
				PRODUCT_BUNDLE_IDENTIFIER = ctec.AboutMe;
				PRODUCT_NAME = "$(TARGET_NAME)";
			};
			name = Debug;
		};
		F1766EE41C3D9A4D00D0A958 /* Release */ = {
			isa = XCBuildConfiguration;
			buildSettings = {
				ASSETCATALOG_COMPILER_APPICON_NAME = AppIcon;
				INFOPLIST_FILE = AboutMe/Info.plist;
				LD_RUNPATH_SEARCH_PATHS = "$(inherited) @executable_path/Frameworks";
				PRODUCT_BUNDLE_IDENTIFIER = ctec.AboutMe;
				PRODUCT_NAME = "$(TARGET_NAME)";
			};
			name = Release;
		};
		F1766EE61C3D9A4D00D0A958 /* Debug */ = {
			isa = XCBuildConfiguration;
			buildSettings = {
				BUNDLE_LOADER = "$(TEST_HOST)";
				INFOPLIST_FILE = AboutMeTests/Info.plist;
				LD_RUNPATH_SEARCH_PATHS = "$(inherited) @executable_path/Frameworks @loader_path/Frameworks";
				PRODUCT_BUNDLE_IDENTIFIER = ctec.AboutMeTests;
				PRODUCT_NAME = "$(TARGET_NAME)";
				TEST_HOST = "$(BUILT_PRODUCTS_DIR)/AboutMe.app/AboutMe";
			};
			name = Debug;
		};
		F1766EE71C3D9A4D00D0A958 /* Release */ = {
			isa = XCBuildConfiguration;
			buildSettings = {
				BUNDLE_LOADER = "$(TEST_HOST)";
				INFOPLIST_FILE = AboutMeTests/Info.plist;
				LD_RUNPATH_SEARCH_PATHS = "$(inherited) @executable_path/Frameworks @loader_path/Frameworks";
				PRODUCT_BUNDLE_IDENTIFIER = ctec.AboutMeTests;
				PRODUCT_NAME = "$(TARGET_NAME)";
				TEST_HOST = "$(BUILT_PRODUCTS_DIR)/AboutMe.app/AboutMe";
			};
			name = Release;
		};
/* End XCBuildConfiguration section */

/* Begin XCConfigurationList section */
		F1766EC01C3D9A4D00D0A958 /* Build configuration list for PBXProject "AboutMe" */ = {
			isa = XCConfigurationList;
			buildConfigurations = (
				F1766EE01C3D9A4D00D0A958 /* Debug */,
				F1766EE11C3D9A4D00D0A958 /* Release */,
			);
			defaultConfigurationIsVisible = 0;
			defaultConfigurationName = Release;
		};
		F1766EE21C3D9A4D00D0A958 /* Build configuration list for PBXNativeTarget "AboutMe" */ = {
			isa = XCConfigurationList;
			buildConfigurations = (
				F1766EE31C3D9A4D00D0A958 /* Debug */,
				F1766EE41C3D9A4D00D0A958 /* Release */,
			);
			defaultConfigurationIsVisible = 0;
		};
		F1766EE51C3D9A4D00D0A958 /* Build configuration list for PBXNativeTarget "AboutMeTests" */ = {
			isa = XCConfigurationList;
			buildConfigurations = (
				F1766EE61C3D9A4D00D0A958 /* Debug */,
				F1766EE71C3D9A4D00D0A958 /* Release */,
			);
			defaultConfigurationIsVisible = 0;
		};
/* End XCConfigurationList section */
	};
	rootObject = F1766EBD1C3D9A4D00D0A958 /* Project object */;
}
